
Microsoft Visual Studio Solution File, Format Version 12.00
# Visual Studio 15
VisualStudioVersion = 15.0.28307.136
MinimumVisualStudioVersion = 10.0.40219.1
Project("{FAE04EC0-301F-11D3-BF4B-00C04F79EFBC}") = "EmployeeWebservice1REST", "EmployeeWebservice1REST\EmployeeWebservice1REST.csproj", "{7A1FDA94-D560-4120-94AC-880DED1046CC}"
EndProject
Project("{FAE04EC0-301F-11D3-BF4B-00C04F79EFBC}") = "App1", "App1\App1.csproj", "{650ACAC4-48EA-45DC-8CB7-0D4173EFE3BB}"
	ProjectSection(ProjectDependencies) = postProject
		{7A1FDA94-D560-4120-94AC-880DED1046CC} = {7A1FDA94-D560-4120-94AC-880DED1046CC}
	EndProjectSection
EndProject
Global
	GlobalSection(SolutionConfigurationPlatforms) = preSolution
		Debug|Any CPU = Debug|Any CPU
		Debug|ARM = Debug|ARM
		Debug|ARM64 = Debug|ARM64
		Debug|x64 = Debug|x64
		Debug|x86 = Debug|x86
		Release|Any CPU = Release|Any CPU
		Release|ARM = Release|ARM
		Release|ARM64 = Release|ARM64
		Release|x64 = Release|x64
		Release|x86 = Release|x86
	EndGlobalSection
	GlobalSection(ProjectConfigurationPlatforms) = postSolution
		{7A1FDA94-D560-4120-94AC-880DED1046CC}.Debug|Any CPU.ActiveCfg = Debug|Any CPU
		{7A1FDA94-D560-4120-94AC-880DED1046CC}.Debug|Any CPU.Build.0 = Debug|Any CPU
		{7A1FDA94-D560-4120-94AC-880DED1046CC}.Debug|ARM.ActiveCfg = Debug|Any CPU
		{7A1FDA94-D560-4120-94AC-880DED1046CC}.Debug|ARM.Build.0 = Debug|Any CPU
		{7A1FDA94-D560-4120-94AC-880DED1046CC}.Debug|ARM64.ActiveCfg = Debug|Any CPU
		{7A1FDA94-D560-4120-94AC-880DED1046CC}.Debug|ARM64.Build.0 = Debug|Any CPU
		{7A1FDA94-D560-4120-94AC-880DED1046CC}.Debug|x64.ActiveCfg = Debug|Any CPU
		{7A1FDA94-D560-4120-94AC-880DED1046CC}.Debug|x64.Build.0 = Debug|Any CPU
		{7A1FDA94-D560-4120-94AC-880DED1046CC}.Debug|x86.ActiveCfg = Debug|Any CPU
		{7A1FDA94-D560-4120-94AC-880DED1046CC}.Debug|x86.Build.0 = Debug|Any CPU
		{7A1FDA94-D560-4120-94AC-880DED1046CC}.Release|Any CPU.ActiveCfg = Release|Any CPU
		{7A1FDA94-D560-4120-94AC-880DED1046CC}.Release|Any CPU.Build.0 = Release|Any CPU
		{7A1FDA94-D560-4120-94AC-880DED1046CC}.Release|ARM.ActiveCfg = Release|Any CPU
		{7A1FDA94-D560-4120-94AC-880DED1046CC}.Release|ARM.Build.0 = Release|Any CPU
		{7A1FDA94-D560-4120-94AC-880DED1046CC}.Release|ARM64.ActiveCfg = Release|Any CPU
		{7A1FDA94-D560-4120-94AC-880DED1046CC}.Release|ARM64.Build.0 = Release|Any CPU
		{7A1FDA94-D560-4120-94AC-880DED1046CC}.Release|x64.ActiveCfg = Release|Any CPU
		{7A1FDA94-D560-4120-94AC-880DED1046CC}.Release|x64.Build.0 = Release|Any CPU
		{7A1FDA94-D560-4120-94AC-880DED1046CC}.Release|x86.ActiveCfg = Release|Any CPU
		{7A1FDA94-D560-4120-94AC-880DED1046CC}.Release|x86.Build.0 = Release|Any CPU
		{650ACAC4-48EA-45DC-8CB7-0D4173EFE3BB}.Debug|Any CPU.ActiveCfg = Debug|x86
		{650ACAC4-48EA-45DC-8CB7-0D4173EFE3BB}.Debug|ARM.ActiveCfg = Debug|ARM
		{650ACAC4-48EA-45DC-8CB7-0D4173EFE3BB}.Debug|ARM.Build.0 = Debug|ARM
		{650ACAC4-48EA-45DC-8CB7-0D4173EFE3BB}.Debug|ARM.Deploy.0 = Debug|ARM
		{650ACAC4-48EA-45DC-8CB7-0D4173EFE3BB}.Debug|ARM64.ActiveCfg = Debug|ARM64
		{650ACAC4-48EA-45DC-8CB7-0D4173EFE3BB}.Debug|ARM64.Build.0 = Debug|ARM64
		{650ACAC4-48EA-45DC-8CB7-0D4173EFE3BB}.Debug|ARM64.Deploy.0 = Debug|ARM64
		{650ACAC4-48EA-45DC-8CB7-0D4173EFE3BB}.Debug|x64.ActiveCfg = Debug|x64
		{650ACAC4-48EA-45DC-8CB7-0D4173EFE3BB}.Debug|x64.Build.0 = Debug|x64
		{650ACAC4-48EA-45DC-8CB7-0D4173EFE3BB}.Debug|x64.Deploy.0 = Debug|x64
		{650ACAC4-48EA-45DC-8CB7-0D4173EFE3BB}.Debug|x86.ActiveCfg = Debug|x86
		{650ACAC4-48EA-45DC-8CB7-0D4173EFE3BB}.Debug|x86.Build.0 = Debug|x86
		{650ACAC4-48EA-45DC-8CB7-0D4173EFE3BB}.Debug|x86.Deploy.0 = Debug|x86
		{650ACAC4-48EA-45DC-8CB7-0D4173EFE3BB}.Release|Any CPU.ActiveCfg = Release|x86
		{650ACAC4-48EA-45DC-8CB7-0D4173EFE3BB}.Release|ARM.ActiveCfg = Release|ARM
		{650ACAC4-48EA-45DC-8CB7-0D4173EFE3BB}.Release|ARM.Build.0 = Release|ARM
		{650ACAC4-48EA-45DC-8CB7-0D4173EFE3BB}.Release|ARM.Deploy.0 = Release|ARM
		{650ACAC4-48EA-45DC-8CB7-0D4173EFE3BB}.Release|ARM64.ActiveCfg = Release|ARM64
		{650ACAC4-48EA-45DC-8CB7-0D4173EFE3BB}.Release|ARM64.Build.0 = Release|ARM64
		{650ACAC4-48EA-45DC-8CB7-0D4173EFE3BB}.Release|ARM64.Deploy.0 = Release|ARM64
		{650ACAC4-48EA-45DC-8CB7-0D4173EFE3BB}.Release|x64.ActiveCfg = Release|x64
		{650ACAC4-48EA-45DC-8CB7-0D4173EFE3BB}.Release|x64.Build.0 = Release|x64
		{650ACAC4-48EA-45DC-8CB7-0D4173EFE3BB}.Release|x64.Deploy.0 = Release|x64
		{650ACAC4-48EA-45DC-8CB7-0D4173EFE3BB}.Release|x86.ActiveCfg = Release|x86
		{650ACAC4-48EA-45DC-8CB7-0D4173EFE3BB}.Release|x86.Build.0 = Release|x86
		{650ACAC4-48EA-45DC-8CB7-0D4173EFE3BB}.Release|x86.Deploy.0 = Release|x86
	EndGlobalSection
	GlobalSection(SolutionProperties) = preSolution
		HideSolutionNode = FALSE
	EndGlobalSection
	GlobalSection(ExtensibilityGlobals) = postSolution
		SolutionGuid = {73B12701-F1EE-4F0C-97C3-1854E62C338B}
	EndGlobalSection
EndGlobal
